{
  "version": 4,
  "terraform_version": "1.13.3",
  "serial": 408,
  "lineage": "737b8cf0-ee53-19e2-b657-42dfcf888b84",
  "outputs": {},
  "resources": [
    {
      "mode": "managed",
      "type": "helm_release",
      "name": "external_secrets",
      "provider": "provider[\"registry.terraform.io/hashicorp/helm\"]",
      "instances": [
        {
          "schema_version": 2,
          "attributes": {
            "atomic": false,
            "chart": "external-secrets",
            "cleanup_on_fail": false,
            "create_namespace": false,
            "dependency_update": false,
            "description": null,
            "devel": null,
            "disable_crd_hooks": false,
            "disable_openapi_validation": false,
            "disable_webhooks": false,
            "force_update": false,
            "id": "external-secrets",
            "keyring": null,
            "lint": false,
            "manifest": null,
            "max_history": 0,
            "metadata": {
              "app_version": "v0.9.1",
              "chart": "external-secrets",
              "first_deployed": 1761391148,
              "last_deployed": 1761391148,
              "name": "external-secrets",
              "namespace": "external-secrets",
              "notes": "external-secrets has been deployed successfully!\n\nIn order to begin using ExternalSecrets, you will need to set up a SecretStore\nor ClusterSecretStore resource (for example, by creating a 'vault' SecretStore).\n\nMore information on the different types of SecretStores and how to configure them\ncan be found in our Github: https://github.com/external-secrets/external-secrets\n\n",
              "revision": 1,
              "values": "{}",
              "version": "0.9.1"
            },
            "name": "external-secrets",
            "namespace": "external-secrets",
            "pass_credentials": false,
            "postrender": null,
            "recreate_pods": false,
            "render_subchart_notes": true,
            "replace": false,
            "repository": "https://charts.external-secrets.io",
            "repository_ca_file": null,
            "repository_cert_file": null,
            "repository_key_file": null,
            "repository_password": null,
            "repository_username": null,
            "reset_values": false,
            "reuse_values": false,
            "set": null,
            "set_list": null,
            "set_sensitive": null,
            "set_wo": null,
            "set_wo_revision": null,
            "skip_crds": false,
            "status": "deployed",
            "timeout": 300,
            "values": null,
            "verify": false,
            "version": "0.9.1",
            "wait": true,
            "wait_for_jobs": false
          },
          "sensitive_attributes": [
            [
              {
                "type": "get_attr",
                "value": "repository_password"
              }
            ]
          ],
          "identity_schema_version": 0,
          "identity": {
            "namespace": "external-secrets",
            "release_name": "external-secrets"
          },
          "dependencies": [
            "kubernetes_namespace.external_secrets"
          ]
        }
      ]
    },
    {
      "mode": "managed",
      "type": "helm_release",
      "name": "longhorn",
      "provider": "provider[\"registry.terraform.io/hashicorp/helm\"]",
      "instances": [
        {
          "schema_version": 2,
          "attributes": {
            "atomic": false,
            "chart": "longhorn",
            "cleanup_on_fail": false,
            "create_namespace": false,
            "dependency_update": false,
            "description": null,
            "devel": null,
            "disable_crd_hooks": false,
            "disable_openapi_validation": false,
            "disable_webhooks": false,
            "force_update": false,
            "id": "longhorn",
            "keyring": null,
            "lint": false,
            "manifest": null,
            "max_history": 0,
            "metadata": {
              "app_version": "v1.7.2",
              "chart": "longhorn",
              "first_deployed": 1761391147,
              "last_deployed": 1761393561,
              "name": "longhorn",
              "namespace": "longhorn-system",
              "notes": "Longhorn is now installed on the cluster!\n\nPlease wait a few minutes for other Longhorn components such as CSI deployments, Engine Images, and Instance Managers to be initialized.\n\nVisit our documentation at https://longhorn.io/docs/\n",
              "revision": 4,
              "values": "{\"defaultSettings\":{\"backupTarget\":\"nfs://192.168.10.9:/volume1/longhorn_backup\",\"backupTargetCredentialSecret\":\"\",\"createDefaultDiskLabeledNodes\":true,\"defaultDataPath\":\"/var/lib/longhorn\",\"defaultReplicaCount\":2,\"guaranteedEngineManagerCPU\":12,\"guaranteedReplicaManagerCPU\":12,\"replicaAutoBalance\":\"best-effort\",\"replicaSoftAntiAffinity\":\"true\",\"storageMinimalAvailablePercentage\":10},\"ingress\":{\"enabled\":false},\"longhornDriver\":{\"resources\":{\"limits\":{\"cpu\":\"200m\",\"memory\":\"256Mi\"},\"requests\":{\"cpu\":\"100m\",\"memory\":\"128Mi\"}}},\"longhornManager\":{\"resources\":{\"limits\":{\"cpu\":\"200m\",\"memory\":\"256Mi\"},\"requests\":{\"cpu\":\"100m\",\"memory\":\"128Mi\"}},\"tolerations\":[]},\"longhornUI\":{\"resources\":{\"limits\":{\"cpu\":\"100m\",\"memory\":\"128Mi\"},\"requests\":{\"cpu\":\"50m\",\"memory\":\"64Mi\"}}},\"persistence\":{\"defaultClass\":true,\"defaultClassReplicaCount\":2,\"reclaimPolicy\":\"Delete\"}}",
              "version": "1.7.2"
            },
            "name": "longhorn",
            "namespace": "longhorn-system",
            "pass_credentials": false,
            "postrender": null,
            "recreate_pods": false,
            "render_subchart_notes": true,
            "replace": false,
            "repository": "https://charts.longhorn.io",
            "repository_ca_file": null,
            "repository_cert_file": null,
            "repository_key_file": null,
            "repository_password": null,
            "repository_username": null,
            "reset_values": false,
            "reuse_values": false,
            "set": null,
            "set_list": null,
            "set_sensitive": null,
            "set_wo": null,
            "set_wo_revision": null,
            "skip_crds": false,
            "status": "deployed",
            "timeout": 600,
            "values": [
              "\"defaultSettings\":\n  \"backupTarget\": \"nfs://192.168.10.9:/volume1/longhorn_backup\"\n  \"backupTargetCredentialSecret\": \"\"\n  \"createDefaultDiskLabeledNodes\": true\n  \"defaultDataPath\": \"/var/lib/longhorn\"\n  \"defaultReplicaCount\": 2\n  \"guaranteedEngineManagerCPU\": 12\n  \"guaranteedReplicaManagerCPU\": 12\n  \"replicaAutoBalance\": \"best-effort\"\n  \"replicaSoftAntiAffinity\": \"true\"\n  \"storageMinimalAvailablePercentage\": 10\n\"ingress\":\n  \"enabled\": false\n\"longhornDriver\":\n  \"resources\":\n    \"limits\":\n      \"cpu\": \"200m\"\n      \"memory\": \"256Mi\"\n    \"requests\":\n      \"cpu\": \"100m\"\n      \"memory\": \"128Mi\"\n\"longhornManager\":\n  \"resources\":\n    \"limits\":\n      \"cpu\": \"200m\"\n      \"memory\": \"256Mi\"\n    \"requests\":\n      \"cpu\": \"100m\"\n      \"memory\": \"128Mi\"\n  \"tolerations\": []\n\"longhornUI\":\n  \"resources\":\n    \"limits\":\n      \"cpu\": \"100m\"\n      \"memory\": \"128Mi\"\n    \"requests\":\n      \"cpu\": \"50m\"\n      \"memory\": \"64Mi\"\n\"persistence\":\n  \"defaultClass\": true\n  \"defaultClassReplicaCount\": 2\n  \"reclaimPolicy\": \"Delete\"\n"
            ],
            "verify": false,
            "version": "1.7.2",
            "wait": true,
            "wait_for_jobs": true
          },
          "sensitive_attributes": [
            [
              {
                "type": "get_attr",
                "value": "repository_password"
              }
            ]
          ],
          "identity_schema_version": 0,
          "identity": {
            "namespace": "longhorn-system",
            "release_name": "longhorn"
          },
          "dependencies": [
            "kubernetes_namespace.longhorn_system"
          ]
        }
      ]
    },
    {
      "mode": "managed",
      "type": "helm_release",
      "name": "metallb",
      "provider": "provider[\"registry.terraform.io/hashicorp/helm\"]",
      "instances": [
        {
          "schema_version": 2,
          "attributes": {
            "atomic": false,
            "chart": "metallb",
            "cleanup_on_fail": false,
            "create_namespace": false,
            "dependency_update": false,
            "description": null,
            "devel": null,
            "disable_crd_hooks": false,
            "disable_openapi_validation": false,
            "disable_webhooks": false,
            "force_update": false,
            "id": "metallb",
            "keyring": null,
            "lint": false,
            "manifest": null,
            "max_history": 0,
            "metadata": {
              "app_version": "v0.14.5",
              "chart": "metallb",
              "first_deployed": 1761391147,
              "last_deployed": 1761391147,
              "name": "metallb",
              "namespace": "metallb-system",
              "notes": "MetalLB is now running in the cluster.\n\nNow you can configure it via its CRs. Please refer to the metallb official docs\non how to use the CRs.\n",
              "revision": 1,
              "values": "{}",
              "version": "0.14.5"
            },
            "name": "metallb",
            "namespace": "metallb-system",
            "pass_credentials": false,
            "postrender": null,
            "recreate_pods": false,
            "render_subchart_notes": true,
            "replace": false,
            "repository": "https://metallb.github.io/metallb",
            "repository_ca_file": null,
            "repository_cert_file": null,
            "repository_key_file": null,
            "repository_password": null,
            "repository_username": null,
            "reset_values": false,
            "reuse_values": false,
            "set": null,
            "set_list": null,
            "set_sensitive": null,
            "set_wo": null,
            "set_wo_revision": null,
            "skip_crds": false,
            "status": "deployed",
            "timeout": 300,
            "values": null,
            "verify": false,
            "version": "0.14.5",
            "wait": true,
            "wait_for_jobs": false
          },
          "sensitive_attributes": [
            [
              {
                "type": "get_attr",
                "value": "repository_password"
              }
            ]
          ],
          "identity_schema_version": 0,
          "identity": {
            "namespace": "metallb-system",
            "release_name": "metallb"
          },
          "dependencies": [
            "kubernetes_namespace.metallb_system",
            "null_resource.remove_node_label"
          ]
        }
      ]
    },
    {
      "mode": "managed",
      "type": "helm_release",
      "name": "nfs-provisioner-hdd",
      "provider": "provider[\"registry.terraform.io/hashicorp/helm\"]",
      "instances": [
        {
          "schema_version": 2,
          "attributes": {
            "atomic": false,
            "chart": "nfs-subdir-external-provisioner",
            "cleanup_on_fail": false,
            "create_namespace": false,
            "dependency_update": false,
            "description": null,
            "devel": null,
            "disable_crd_hooks": false,
            "disable_openapi_validation": false,
            "disable_webhooks": false,
            "force_update": false,
            "id": "nfs-subdir-external-provisioner-hdd",
            "keyring": null,
            "lint": false,
            "manifest": null,
            "max_history": 0,
            "metadata": {
              "app_version": "4.0.2",
              "chart": "nfs-subdir-external-provisioner",
              "first_deployed": 1761391147,
              "last_deployed": 1761391147,
              "name": "nfs-subdir-external-provisioner-hdd",
              "namespace": "nfs-provisioner",
              "notes": "",
              "revision": 1,
              "values": "{\"nfs\":{\"path\":\"/volume1/hdd\",\"server\":\"192.168.10.9\"},\"storageClass\":{\"name\":\"nfs-client-hdd\"}}",
              "version": "4.0.18"
            },
            "name": "nfs-subdir-external-provisioner-hdd",
            "namespace": "nfs-provisioner",
            "pass_credentials": false,
            "postrender": null,
            "recreate_pods": false,
            "render_subchart_notes": true,
            "replace": false,
            "repository": "https://kubernetes-sigs.github.io/nfs-subdir-external-provisioner/",
            "repository_ca_file": null,
            "repository_cert_file": null,
            "repository_key_file": null,
            "repository_password": null,
            "repository_username": null,
            "reset_values": false,
            "reuse_values": false,
            "set": null,
            "set_list": null,
            "set_sensitive": null,
            "set_wo": null,
            "set_wo_revision": null,
            "skip_crds": false,
            "status": "deployed",
            "timeout": 300,
            "values": [
              "\"nfs\":\n  \"path\": \"/volume1/hdd\"\n  \"server\": \"192.168.10.9\"\n\"storageClass\":\n  \"name\": \"nfs-client-hdd\"\n"
            ],
            "verify": false,
            "version": "4.0.18",
            "wait": true,
            "wait_for_jobs": false
          },
          "sensitive_attributes": [
            [
              {
                "type": "get_attr",
                "value": "repository_password"
              }
            ]
          ],
          "identity_schema_version": 0,
          "identity": {
            "namespace": "nfs-provisioner",
            "release_name": "nfs-subdir-external-provisioner-hdd"
          },
          "dependencies": [
            "kubernetes_namespace.nfs_provisioner"
          ]
        }
      ]
    },
    {
      "mode": "managed",
      "type": "helm_release",
      "name": "nfs-provisioner-media",
      "provider": "provider[\"registry.terraform.io/hashicorp/helm\"]",
      "instances": [
        {
          "schema_version": 2,
          "attributes": {
            "atomic": false,
            "chart": "nfs-subdir-external-provisioner",
            "cleanup_on_fail": false,
            "create_namespace": false,
            "dependency_update": false,
            "description": null,
            "devel": null,
            "disable_crd_hooks": false,
            "disable_openapi_validation": false,
            "disable_webhooks": false,
            "force_update": false,
            "id": "nfs-subdir-external-provisioner-media",
            "keyring": null,
            "lint": false,
            "manifest": null,
            "max_history": 0,
            "metadata": {
              "app_version": "4.0.2",
              "chart": "nfs-subdir-external-provisioner",
              "first_deployed": 1761391147,
              "last_deployed": 1761391147,
              "name": "nfs-subdir-external-provisioner-media",
              "namespace": "nfs-provisioner",
              "notes": "",
              "revision": 1,
              "values": "{\"nfs\":{\"path\":\"/volume1/media\",\"server\":\"192.168.10.9\"},\"storageClass\":{\"name\":\"nfs-client-media\"}}",
              "version": "4.0.18"
            },
            "name": "nfs-subdir-external-provisioner-media",
            "namespace": "nfs-provisioner",
            "pass_credentials": false,
            "postrender": null,
            "recreate_pods": false,
            "render_subchart_notes": true,
            "replace": false,
            "repository": "https://kubernetes-sigs.github.io/nfs-subdir-external-provisioner/",
            "repository_ca_file": null,
            "repository_cert_file": null,
            "repository_key_file": null,
            "repository_password": null,
            "repository_username": null,
            "reset_values": false,
            "reuse_values": false,
            "set": null,
            "set_list": null,
            "set_sensitive": null,
            "set_wo": null,
            "set_wo_revision": null,
            "skip_crds": false,
            "status": "deployed",
            "timeout": 300,
            "values": [
              "\"nfs\":\n  \"path\": \"/volume1/media\"\n  \"server\": \"192.168.10.9\"\n\"storageClass\":\n  \"name\": \"nfs-client-media\"\n"
            ],
            "verify": false,
            "version": "4.0.18",
            "wait": true,
            "wait_for_jobs": false
          },
          "sensitive_attributes": [
            [
              {
                "type": "get_attr",
                "value": "repository_password"
              }
            ]
          ],
          "identity_schema_version": 0,
          "identity": {
            "namespace": "nfs-provisioner",
            "release_name": "nfs-subdir-external-provisioner-media"
          },
          "dependencies": [
            "kubernetes_namespace.nfs_provisioner"
          ]
        }
      ]
    },
    {
      "mode": "managed",
      "type": "helm_release",
      "name": "nfs-provisioner-ssd",
      "provider": "provider[\"registry.terraform.io/hashicorp/helm\"]",
      "instances": [
        {
          "schema_version": 2,
          "attributes": {
            "atomic": false,
            "chart": "nfs-subdir-external-provisioner",
            "cleanup_on_fail": false,
            "create_namespace": false,
            "dependency_update": false,
            "description": null,
            "devel": null,
            "disable_crd_hooks": false,
            "disable_openapi_validation": false,
            "disable_webhooks": false,
            "force_update": false,
            "id": "nfs-subdir-external-provisioner-ssd",
            "keyring": null,
            "lint": false,
            "manifest": null,
            "max_history": 0,
            "metadata": {
              "app_version": "4.0.2",
              "chart": "nfs-subdir-external-provisioner",
              "first_deployed": 1761391697,
              "last_deployed": 1761391697,
              "name": "nfs-subdir-external-provisioner-ssd",
              "namespace": "nfs-provisioner",
              "notes": "",
              "revision": 1,
              "values": "{\"nfs\":{\"path\":\"/volume2/nfs-ssd\",\"server\":\"192.168.10.9\"},\"storageClass\":{\"name\":\"nfs-client-ssd\"}}",
              "version": "4.0.18"
            },
            "name": "nfs-subdir-external-provisioner-ssd",
            "namespace": "nfs-provisioner",
            "pass_credentials": false,
            "postrender": null,
            "recreate_pods": false,
            "render_subchart_notes": true,
            "replace": false,
            "repository": "https://kubernetes-sigs.github.io/nfs-subdir-external-provisioner/",
            "repository_ca_file": null,
            "repository_cert_file": null,
            "repository_key_file": null,
            "repository_password": null,
            "repository_username": null,
            "reset_values": false,
            "reuse_values": false,
            "set": null,
            "set_list": null,
            "set_sensitive": null,
            "set_wo": null,
            "set_wo_revision": null,
            "skip_crds": false,
            "status": "deployed",
            "timeout": 300,
            "values": [
              "\"nfs\":\n  \"path\": \"/volume2/nfs-ssd\"\n  \"server\": \"192.168.10.9\"\n\"storageClass\":\n  \"name\": \"nfs-client-ssd\"\n"
            ],
            "verify": false,
            "version": "4.0.18",
            "wait": true,
            "wait_for_jobs": false
          },
          "sensitive_attributes": [
            [
              {
                "type": "get_attr",
                "value": "repository_password"
              }
            ]
          ],
          "identity_schema_version": 0,
          "identity": {
            "namespace": "nfs-provisioner",
            "release_name": "nfs-subdir-external-provisioner-ssd"
          },
          "dependencies": [
            "kubernetes_namespace.nfs_provisioner"
          ]
        }
      ]
    },
    {
      "mode": "managed",
      "type": "helm_release",
      "name": "nginx_ingress",
      "provider": "provider[\"registry.terraform.io/hashicorp/helm\"]",
      "instances": [
        {
          "schema_version": 2,
          "attributes": {
            "atomic": false,
            "chart": "ingress-nginx",
            "cleanup_on_fail": false,
            "create_namespace": false,
            "dependency_update": false,
            "description": null,
            "devel": null,
            "disable_crd_hooks": false,
            "disable_openapi_validation": false,
            "disable_webhooks": false,
            "force_update": false,
            "id": "ingress-nginx",
            "keyring": null,
            "lint": false,
            "manifest": null,
            "max_history": 0,
            "metadata": {
              "app_version": "1.10.1",
              "chart": "ingress-nginx",
              "first_deployed": 1761391241,
              "last_deployed": 1761391241,
              "name": "ingress-nginx",
              "namespace": "ingress-nginx",
              "notes": "The ingress-nginx controller has been installed.\nIt may take a few minutes for the load balancer IP to be available.\nYou can watch the status by running 'kubectl get service --namespace ingress-nginx ingress-nginx-controller --output wide --watch'\n\nAn example Ingress that makes use of the controller:\n  apiVersion: networking.k8s.io/v1\n  kind: Ingress\n  metadata:\n    name: example\n    namespace: foo\n  spec:\n    ingressClassName: nginx\n    rules:\n      - host: www.example.com\n        http:\n          paths:\n            - pathType: Prefix\n              backend:\n                service:\n                  name: exampleService\n                  port:\n                    number: 80\n              path: /\n    # This section is only required if TLS is to be enabled for the Ingress\n    tls:\n      - hosts:\n        - www.example.com\n        secretName: example-tls\n\nIf TLS is enabled for the Ingress, a Secret containing the certificate and key must also be provided:\n\n  apiVersion: v1\n  kind: Secret\n  metadata:\n    name: example-tls\n    namespace: foo\n  data:\n    tls.crt: \u003cbase64 encoded cert\u003e\n    tls.key: \u003cbase64 encoded key\u003e\n  type: kubernetes.io/tls\n",
              "revision": 1,
              "values": "{}",
              "version": "4.10.1"
            },
            "name": "ingress-nginx",
            "namespace": "ingress-nginx",
            "pass_credentials": false,
            "postrender": null,
            "recreate_pods": false,
            "render_subchart_notes": true,
            "replace": false,
            "repository": "https://kubernetes.github.io/ingress-nginx",
            "repository_ca_file": null,
            "repository_cert_file": null,
            "repository_key_file": null,
            "repository_password": null,
            "repository_username": null,
            "reset_values": false,
            "reuse_values": false,
            "set": null,
            "set_list": null,
            "set_sensitive": null,
            "set_wo": null,
            "set_wo_revision": null,
            "skip_crds": false,
            "status": "deployed",
            "timeout": 300,
            "values": null,
            "verify": false,
            "version": "4.10.1",
            "wait": true,
            "wait_for_jobs": false
          },
          "sensitive_attributes": [
            [
              {
                "type": "get_attr",
                "value": "repository_password"
              }
            ]
          ],
          "identity_schema_version": 0,
          "identity": {
            "namespace": "ingress-nginx",
            "release_name": "ingress-nginx"
          },
          "dependencies": [
            "helm_release.metallb",
            "kubectl_manifest.metallb_ipaddresspool",
            "kubectl_manifest.metallb_l2advertisement",
            "kubernetes_namespace.ingress_nginx",
            "kubernetes_namespace.metallb_system",
            "null_resource.remove_node_label"
          ]
        }
      ]
    },
    {
      "mode": "managed",
      "type": "helm_release",
      "name": "vault",
      "provider": "provider[\"registry.terraform.io/hashicorp/helm\"]",
      "instances": [
        {
          "schema_version": 2,
          "attributes": {
            "atomic": false,
            "chart": "vault",
            "cleanup_on_fail": false,
            "create_namespace": false,
            "dependency_update": false,
            "description": null,
            "devel": null,
            "disable_crd_hooks": false,
            "disable_openapi_validation": false,
            "disable_webhooks": false,
            "force_update": false,
            "id": "vault",
            "keyring": null,
            "lint": false,
            "manifest": null,
            "max_history": 0,
            "metadata": {
              "app_version": "1.16.1",
              "chart": "vault",
              "first_deployed": 1761391782,
              "last_deployed": 1761391782,
              "name": "vault",
              "namespace": "vault",
              "notes": "\nThank you for installing HashiCorp Vault!\n\nNow that you have deployed Vault, you should look over the docs on using\nVault with Kubernetes available here:\n\nhttps://developer.hashicorp.com/vault/docs\n\n\nYour release is named vault. To learn more about the release, try:\n\n  $ helm status vault\n  $ helm get manifest vault\n\n",
              "revision": 1,
              "values": "{\"injector\":{\"enabled\":true},\"server\":{\"dataStorage\":{\"enabled\":true,\"size\":\"10Gi\",\"storageClass\":\"nfs-client-ssd\"},\"ingress\":{\"enabled\":true,\"hosts\":[{\"host\":\"vault.local\",\"paths\":[\"/\"]}],\"ingressClassName\":\"nginx\"},\"standalone\":{\"enabled\":true}},\"ui\":{\"enabled\":true}}",
              "version": "0.28.0"
            },
            "name": "vault",
            "namespace": "vault",
            "pass_credentials": false,
            "postrender": null,
            "recreate_pods": false,
            "render_subchart_notes": true,
            "replace": false,
            "repository": "https://helm.releases.hashicorp.com",
            "repository_ca_file": null,
            "repository_cert_file": null,
            "repository_key_file": null,
            "repository_password": null,
            "repository_username": null,
            "reset_values": false,
            "reuse_values": false,
            "set": null,
            "set_list": null,
            "set_sensitive": null,
            "set_wo": null,
            "set_wo_revision": null,
            "skip_crds": false,
            "status": "deployed",
            "timeout": 300,
            "values": [
              "\"injector\":\n  \"enabled\": true\n\"server\":\n  \"dataStorage\":\n    \"enabled\": true\n    \"size\": \"10Gi\"\n    \"storageClass\": \"nfs-client-ssd\"\n  \"ingress\":\n    \"enabled\": true\n    \"hosts\":\n    - \"host\": \"vault.local\"\n      \"paths\":\n      - \"/\"\n    \"ingressClassName\": \"nginx\"\n  \"standalone\":\n    \"enabled\": true\n\"ui\":\n  \"enabled\": true\n"
            ],
            "verify": false,
            "version": "0.28.0",
            "wait": true,
            "wait_for_jobs": false
          },
          "sensitive_attributes": [
            [
              {
                "type": "get_attr",
                "value": "repository_password"
              }
            ]
          ],
          "identity_schema_version": 0,
          "identity": {
            "namespace": "vault",
            "release_name": "vault"
          },
          "dependencies": [
            "helm_release.metallb",
            "helm_release.nginx_ingress",
            "kubectl_manifest.metallb_ipaddresspool",
            "kubectl_manifest.metallb_l2advertisement",
            "kubernetes_namespace.ingress_nginx",
            "kubernetes_namespace.metallb_system",
            "kubernetes_namespace.vault",
            "null_resource.remove_node_label"
          ]
        }
      ]
    },
    {
      "mode": "managed",
      "type": "kubectl_manifest",
      "name": "metallb_ipaddresspool",
      "provider": "provider[\"registry.terraform.io/gavinbunney/kubectl\"]",
      "instances": [
        {
          "schema_version": 1,
          "attributes": {
            "api_version": "metallb.io/v1beta1",
            "apply_only": false,
            "force_conflicts": false,
            "force_new": false,
            "id": "/apis/metallb.io/v1beta1/namespaces/metallb-system/ipaddresspools/default-pool",
            "ignore_fields": null,
            "kind": "IPAddressPool",
            "live_manifest_incluster": "67a5385bafdbf9f8a972155aff47419848c9032d8e4239f013255745a9b2cfbb",
            "live_uid": "3daf1dbe-8d39-4ae8-9f74-2e3236a045e9",
            "name": "default-pool",
            "namespace": "metallb-system",
            "override_namespace": null,
            "sensitive_fields": null,
            "server_side_apply": false,
            "timeouts": null,
            "uid": "3daf1dbe-8d39-4ae8-9f74-2e3236a045e9",
            "validate_schema": true,
            "wait": null,
            "wait_for_rollout": true,
            "yaml_body": "apiVersion: metallb.io/v1beta1\nkind: IPAddressPool\nmetadata:\n  name: default-pool\n  namespace: metallb-system\nspec:\n  addresses:\n  - 192.168.10.90-192.168.10.99\n",
            "yaml_body_parsed": "apiVersion: metallb.io/v1beta1\nkind: IPAddressPool\nmetadata:\n  name: default-pool\n  namespace: metallb-system\nspec:\n  addresses:\n  - 192.168.10.90-192.168.10.99\n",
            "yaml_incluster": "67a5385bafdbf9f8a972155aff47419848c9032d8e4239f013255745a9b2cfbb"
          },
          "sensitive_attributes": [
            [
              {
                "type": "get_attr",
                "value": "live_manifest_incluster"
              }
            ],
            [
              {
                "type": "get_attr",
                "value": "yaml_body"
              }
            ],
            [
              {
                "type": "get_attr",
                "value": "yaml_incluster"
              }
            ]
          ],
          "identity_schema_version": 0,
          "private": "eyJlMmJmYjczMC1lY2FhLTExZTYtOGY4OC0zNDM2M2JjN2M0YzAiOnsiY3JlYXRlIjo2MDAwMDAwMDAwMDB9LCJzY2hlbWFfdmVyc2lvbiI6IjEifQ==",
          "dependencies": [
            "helm_release.metallb",
            "kubernetes_namespace.metallb_system",
            "null_resource.remove_node_label"
          ]
        }
      ]
    },
    {
      "mode": "managed",
      "type": "kubectl_manifest",
      "name": "metallb_l2advertisement",
      "provider": "provider[\"registry.terraform.io/gavinbunney/kubectl\"]",
      "instances": [
        {
          "schema_version": 1,
          "attributes": {
            "api_version": "metallb.io/v1beta1",
            "apply_only": false,
            "force_conflicts": false,
            "force_new": false,
            "id": "/apis/metallb.io/v1beta1/namespaces/metallb-system/l2advertisements/default",
            "ignore_fields": null,
            "kind": "L2Advertisement",
            "live_manifest_incluster": "8a39d60e7e6c6a3b032278c513e89a9611ec01e169b15ec8035d9ddd0350721e",
            "live_uid": "2ce88a8a-0fb8-4338-9ecb-bece743128e1",
            "name": "default",
            "namespace": "metallb-system",
            "override_namespace": null,
            "sensitive_fields": null,
            "server_side_apply": false,
            "timeouts": null,
            "uid": "2ce88a8a-0fb8-4338-9ecb-bece743128e1",
            "validate_schema": true,
            "wait": null,
            "wait_for_rollout": true,
            "yaml_body": "apiVersion: metallb.io/v1beta1\nkind: L2Advertisement\nmetadata:\n  name: default\n  namespace: metallb-system\nspec:\n  ipAddressPools:\n  - default-pool\n",
            "yaml_body_parsed": "apiVersion: metallb.io/v1beta1\nkind: L2Advertisement\nmetadata:\n  name: default\n  namespace: metallb-system\nspec:\n  ipAddressPools:\n  - default-pool\n",
            "yaml_incluster": "8a39d60e7e6c6a3b032278c513e89a9611ec01e169b15ec8035d9ddd0350721e"
          },
          "sensitive_attributes": [
            [
              {
                "type": "get_attr",
                "value": "live_manifest_incluster"
              }
            ],
            [
              {
                "type": "get_attr",
                "value": "yaml_body"
              }
            ],
            [
              {
                "type": "get_attr",
                "value": "yaml_incluster"
              }
            ]
          ],
          "identity_schema_version": 0,
          "private": "eyJlMmJmYjczMC1lY2FhLTExZTYtOGY4OC0zNDM2M2JjN2M0YzAiOnsiY3JlYXRlIjo2MDAwMDAwMDAwMDB9LCJzY2hlbWFfdmVyc2lvbiI6IjEifQ==",
          "dependencies": [
            "helm_release.metallb",
            "kubectl_manifest.metallb_ipaddresspool",
            "kubernetes_namespace.metallb_system",
            "null_resource.remove_node_label"
          ]
        }
      ]
    },
    {
      "mode": "managed",
      "type": "kubernetes_ingress_v1",
      "name": "longhorn",
      "provider": "provider[\"registry.terraform.io/hashicorp/kubernetes\"]",
      "instances": [
        {
          "schema_version": 0,
          "attributes": {
            "id": "longhorn-system/longhorn-ingress",
            "metadata": [
              {
                "annotations": {
                  "nginx.ingress.kubernetes.io/proxy-body-size": "10000m"
                },
                "generate_name": "",
                "generation": 1,
                "labels": {},
                "name": "longhorn-ingress",
                "namespace": "longhorn-system",
                "resource_version": "26556",
                "uid": "a2150f4b-0f70-496f-8ec5-4078c29cad6f"
              }
            ],
            "spec": [
              {
                "default_backend": [],
                "ingress_class_name": "nginx",
                "rule": [
                  {
                    "host": "longhorn.local",
                    "http": [
                      {
                        "path": [
                          {
                            "backend": [
                              {
                                "resource": [],
                                "service": [
                                  {
                                    "name": "longhorn-frontend",
                                    "port": [
                                      {
                                        "name": "",
                                        "number": 80
                                      }
                                    ]
                                  }
                                ]
                              }
                            ],
                            "path": "/",
                            "path_type": "Prefix"
                          }
                        ]
                      }
                    ]
                  }
                ],
                "tls": []
              }
            ],
            "status": [
              {
                "load_balancer": [
                  {
                    "ingress": [
                      {
                        "hostname": "",
                        "ip": "192.168.10.90"
                      }
                    ]
                  }
                ]
              }
            ],
            "timeouts": null,
            "wait_for_load_balancer": null
          },
          "sensitive_attributes": [],
          "identity_schema_version": 1,
          "identity": {
            "api_version": "networking.k8s.io/v1",
            "kind": "Ingress",
            "name": "longhorn-ingress",
            "namespace": "longhorn-system"
          },
          "private": "eyJlMmJmYjczMC1lY2FhLTExZTYtOGY4OC0zNDM2M2JjN2M0YzAiOnsiY3JlYXRlIjoxMjAwMDAwMDAwMDAwLCJkZWxldGUiOjEyMDAwMDAwMDAwMDB9fQ==",
          "dependencies": [
            "helm_release.longhorn",
            "kubernetes_namespace.longhorn_system"
          ]
        }
      ]
    },
    {
      "mode": "managed",
      "type": "kubernetes_labels",
      "name": "longhorn_disk_label",
      "provider": "provider[\"registry.terraform.io/hashicorp/kubernetes\"]",
      "instances": [
        {
          "index_key": "talos-mw1",
          "schema_version": 0,
          "attributes": {
            "api_version": "v1",
            "field_manager": "Terraform",
            "force": null,
            "id": "apiVersion=v1,kind=Node,name=talos-mw1",
            "kind": "Node",
            "labels": {
              "node.longhorn.io/create-default-disk": "true"
            },
            "metadata": [
              {
                "name": "talos-mw1",
                "namespace": ""
              }
            ]
          },
          "sensitive_attributes": [],
          "identity_schema_version": 0,
          "private": "bnVsbA==",
          "dependencies": [
            "helm_release.longhorn",
            "kubernetes_namespace.longhorn_system"
          ]
        }
      ]
    },
    {
      "mode": "managed",
      "type": "kubernetes_manifest",
      "name": "longhorn_recurring_backup",
      "provider": "provider[\"registry.terraform.io/hashicorp/kubernetes\"]",
      "instances": [
        {
          "schema_version": 1,
          "attributes": {
            "computed_fields": null,
            "field_manager": [],
            "manifest": {
              "value": {
                "apiVersion": "longhorn.io/v1beta2",
                "kind": "RecurringJob",
                "metadata": {
                  "name": "backup-every-6h",
                  "namespace": "longhorn-system"
                },
                "spec": {
                  "concurrency": 2,
                  "cron": "0 */6 * * *",
                  "labels": {
                    "schedule": "every-6h"
                  },
                  "name": "backup-every-6h",
                  "retain": 14,
                  "task": "backup"
                }
              },
              "type": [
                "object",
                {
                  "apiVersion": "string",
                  "kind": "string",
                  "metadata": [
                    "object",
                    {
                      "name": "string",
                      "namespace": "string"
                    }
                  ],
                  "spec": [
                    "object",
                    {
                      "concurrency": "number",
                      "cron": "string",
                      "labels": [
                        "object",
                        {
                          "schedule": "string"
                        }
                      ],
                      "name": "string",
                      "retain": "number",
                      "task": "string"
                    }
                  ]
                }
              ]
            },
            "object": {
              "value": {
                "apiVersion": "longhorn.io/v1beta2",
                "kind": "RecurringJob",
                "metadata": {
                  "annotations": null,
                  "creationTimestamp": null,
                  "deletionGracePeriodSeconds": null,
                  "deletionTimestamp": null,
                  "finalizers": null,
                  "generateName": null,
                  "generation": null,
                  "labels": null,
                  "managedFields": null,
                  "name": "backup-every-6h",
                  "namespace": "longhorn-system",
                  "ownerReferences": null,
                  "resourceVersion": null,
                  "selfLink": null,
                  "uid": null
                },
                "spec": {
                  "concurrency": 2,
                  "cron": "0 */6 * * *",
                  "groups": [],
                  "labels": {
                    "schedule": "every-6h"
                  },
                  "name": "backup-every-6h",
                  "parameters": {},
                  "retain": 14,
                  "task": "backup"
                }
              },
              "type": [
                "object",
                {
                  "apiVersion": "string",
                  "kind": "string",
                  "metadata": [
                    "object",
                    {
                      "annotations": [
                        "map",
                        "string"
                      ],
                      "creationTimestamp": "string",
                      "deletionGracePeriodSeconds": "number",
                      "deletionTimestamp": "string",
                      "finalizers": [
                        "list",
                        "string"
                      ],
                      "generateName": "string",
                      "generation": "number",
                      "labels": [
                        "map",
                        "string"
                      ],
                      "managedFields": [
                        "tuple",
                        [
                          [
                            "object",
                            {
                              "apiVersion": "string",
                              "fieldsType": "string",
                              "fieldsV1": "dynamic",
                              "manager": "string",
                              "operation": "string",
                              "subresource": "string",
                              "time": "string"
                            }
                          ]
                        ]
                      ],
                      "name": "string",
                      "namespace": "string",
                      "ownerReferences": [
                        "list",
                        [
                          "object",
                          {
                            "apiVersion": "string",
                            "blockOwnerDeletion": "bool",
                            "controller": "bool",
                            "kind": "string",
                            "name": "string",
                            "uid": "string"
                          }
                        ]
                      ],
                      "resourceVersion": "string",
                      "selfLink": "string",
                      "uid": "string"
                    }
                  ],
                  "spec": [
                    "object",
                    {
                      "concurrency": "number",
                      "cron": "string",
                      "groups": [
                        "list",
                        "string"
                      ],
                      "labels": [
                        "map",
                        "string"
                      ],
                      "name": "string",
                      "parameters": [
                        "map",
                        "string"
                      ],
                      "retain": "number",
                      "task": "string"
                    }
                  ]
                }
              ]
            },
            "timeouts": [],
            "wait": [],
            "wait_for": null
          },
          "sensitive_attributes": [],
          "identity_schema_version": 1,
          "identity": {
            "api_version": "longhorn.io/v1beta2",
            "kind": "RecurringJob",
            "name": "backup-every-6h",
            "namespace": "longhorn-system"
          },
          "dependencies": [
            "helm_release.longhorn",
            "kubernetes_namespace.longhorn_system"
          ]
        }
      ]
    },
    {
      "mode": "managed",
      "type": "kubernetes_namespace",
      "name": "external_secrets",
      "provider": "provider[\"registry.terraform.io/hashicorp/kubernetes\"]",
      "instances": [
        {
          "schema_version": 0,
          "attributes": {
            "id": "external-secrets",
            "metadata": [
              {
                "annotations": {},
                "generate_name": "",
                "generation": 0,
                "labels": {},
                "name": "external-secrets",
                "resource_version": "24838",
                "uid": "6375cb27-291e-4fe5-a611-042341aa9b03"
              }
            ],
            "timeouts": null,
            "wait_for_default_service_account": false
          },
          "sensitive_attributes": [],
          "identity_schema_version": 1,
          "identity": {
            "api_version": "v1",
            "kind": "Namespace",
            "name": "external-secrets"
          },
          "private": "eyJlMmJmYjczMC1lY2FhLTExZTYtOGY4OC0zNDM2M2JjN2M0YzAiOnsiZGVsZXRlIjozMDAwMDAwMDAwMDB9fQ=="
        }
      ]
    },
    {
      "mode": "managed",
      "type": "kubernetes_namespace",
      "name": "ingress_nginx",
      "provider": "provider[\"registry.terraform.io/hashicorp/kubernetes\"]",
      "instances": [
        {
          "schema_version": 0,
          "attributes": {
            "id": "ingress-nginx",
            "metadata": [
              {
                "annotations": {},
                "generate_name": "",
                "generation": 0,
                "labels": {},
                "name": "ingress-nginx",
                "resource_version": "24835",
                "uid": "ffea3b35-0bcd-43bf-8d4d-a6b1f736dda4"
              }
            ],
            "timeouts": null,
            "wait_for_default_service_account": false
          },
          "sensitive_attributes": [],
          "identity_schema_version": 1,
          "identity": {
            "api_version": "v1",
            "kind": "Namespace",
            "name": "ingress-nginx"
          },
          "private": "eyJlMmJmYjczMC1lY2FhLTExZTYtOGY4OC0zNDM2M2JjN2M0YzAiOnsiZGVsZXRlIjozMDAwMDAwMDAwMDB9fQ=="
        }
      ]
    },
    {
      "mode": "managed",
      "type": "kubernetes_namespace",
      "name": "longhorn_system",
      "provider": "provider[\"registry.terraform.io/hashicorp/kubernetes\"]",
      "instances": [
        {
          "schema_version": 0,
          "attributes": {
            "id": "longhorn-system",
            "metadata": [
              {
                "annotations": {},
                "generate_name": "",
                "generation": 0,
                "labels": {
                  "pod-security.kubernetes.io/audit": "privileged",
                  "pod-security.kubernetes.io/enforce": "privileged",
                  "pod-security.kubernetes.io/warn": "privileged"
                },
                "name": "longhorn-system",
                "resource_version": "24836",
                "uid": "0991b65e-710d-44b6-be85-04a9cece691a"
              }
            ],
            "timeouts": null,
            "wait_for_default_service_account": false
          },
          "sensitive_attributes": [],
          "identity_schema_version": 1,
          "identity": {
            "api_version": "v1",
            "kind": "Namespace",
            "name": "longhorn-system"
          },
          "private": "eyJlMmJmYjczMC1lY2FhLTExZTYtOGY4OC0zNDM2M2JjN2M0YzAiOnsiZGVsZXRlIjozMDAwMDAwMDAwMDB9fQ=="
        }
      ]
    },
    {
      "mode": "managed",
      "type": "kubernetes_namespace",
      "name": "metallb_system",
      "provider": "provider[\"registry.terraform.io/hashicorp/kubernetes\"]",
      "instances": [
        {
          "schema_version": 0,
          "attributes": {
            "id": "metallb-system",
            "metadata": [
              {
                "annotations": {},
                "generate_name": "",
                "generation": 0,
                "labels": {
                  "pod-security.kubernetes.io/audit": "privileged",
                  "pod-security.kubernetes.io/enforce": "privileged",
                  "pod-security.kubernetes.io/warn": "privileged"
                },
                "name": "metallb-system",
                "resource_version": "24833",
                "uid": "3747c11c-59ce-4c67-ab70-c82f8ef98ead"
              }
            ],
            "timeouts": null,
            "wait_for_default_service_account": false
          },
          "sensitive_attributes": [],
          "identity_schema_version": 1,
          "identity": {
            "api_version": "v1",
            "kind": "Namespace",
            "name": "metallb-system"
          },
          "private": "eyJlMmJmYjczMC1lY2FhLTExZTYtOGY4OC0zNDM2M2JjN2M0YzAiOnsiZGVsZXRlIjozMDAwMDAwMDAwMDB9fQ==",
          "dependencies": [
            "null_resource.remove_node_label"
          ]
        }
      ]
    },
    {
      "mode": "managed",
      "type": "kubernetes_namespace",
      "name": "nfs_provisioner",
      "provider": "provider[\"registry.terraform.io/hashicorp/kubernetes\"]",
      "instances": [
        {
          "schema_version": 0,
          "attributes": {
            "id": "nfs-provisioner",
            "metadata": [
              {
                "annotations": {},
                "generate_name": "",
                "generation": 0,
                "labels": {},
                "name": "nfs-provisioner",
                "resource_version": "24837",
                "uid": "177505c5-d354-4e46-bacb-27dccb0f39ad"
              }
            ],
            "timeouts": null,
            "wait_for_default_service_account": false
          },
          "sensitive_attributes": [],
          "identity_schema_version": 1,
          "identity": {
            "api_version": "v1",
            "kind": "Namespace",
            "name": "nfs-provisioner"
          },
          "private": "eyJlMmJmYjczMC1lY2FhLTExZTYtOGY4OC0zNDM2M2JjN2M0YzAiOnsiZGVsZXRlIjozMDAwMDAwMDAwMDB9fQ=="
        }
      ]
    },
    {
      "mode": "managed",
      "type": "kubernetes_namespace",
      "name": "vault",
      "provider": "provider[\"registry.terraform.io/hashicorp/kubernetes\"]",
      "instances": [
        {
          "schema_version": 0,
          "attributes": {
            "id": "vault",
            "metadata": [
              {
                "annotations": {},
                "generate_name": "",
                "generation": 0,
                "labels": {},
                "name": "vault",
                "resource_version": "28835",
                "uid": "ce89efe9-1a04-4b6c-ac31-ecdbc8351404"
              }
            ],
            "timeouts": null,
            "wait_for_default_service_account": false
          },
          "sensitive_attributes": [],
          "identity_schema_version": 1,
          "identity": {
            "api_version": "v1",
            "kind": "Namespace",
            "name": "vault"
          },
          "private": "eyJlMmJmYjczMC1lY2FhLTExZTYtOGY4OC0zNDM2M2JjN2M0YzAiOnsiZGVsZXRlIjozMDAwMDAwMDAwMDB9fQ=="
        }
      ]
    },
    {
      "mode": "managed",
      "type": "null_resource",
      "name": "remove_node_label",
      "provider": "provider[\"registry.terraform.io/hashicorp/null\"]",
      "instances": [
        {
          "schema_version": 0,
          "attributes": {
            "id": "7554152347946701737",
            "triggers": null
          },
          "sensitive_attributes": [],
          "identity_schema_version": 0
        }
      ]
    }
  ],
  "check_results": null
}
